
Microsoft Visual Studio Solution File, Format Version 12.00
# Visual Studio Version 16
VisualStudioVersion = 16.0.31911.196
MinimumVisualStudioVersion = 10.0.40219.1
Project("{9A19103F-16F7-4668-BE54-9A1E7A4F7556}") = "Asp.net5RazorPagesExample", "Asp.net5RazorPagesExample.csproj", "{B7DCB810-2BEF-4AD9-8AF6-FE2E073898D3}"
EndProject
Global
	GlobalSection(SolutionConfigurationPlatforms) = preSolution
		Debug|Any CPU = Debug|Any CPU
		Release|Any CPU = Release|Any CPU
	EndGlobalSection
	GlobalSection(ProjectConfigurationPlatforms) = postSolution
		{B7DCB810-2BEF-4AD9-8AF6-FE2E073898D3}.Debug|Any CPU.ActiveCfg = Debug|Any CPU
		{B7DCB810-2BEF-4AD9-8AF6-FE2E073898D3}.Debug|Any CPU.Build.0 = Debug|Any CPU
		{B7DCB810-2BEF-4AD9-8AF6-FE2E073898D3}.Release|Any CPU.ActiveCfg = Release|Any CPU
		{B7DCB810-2BEF-4AD9-8AF6-FE2E073898D3}.Release|Any CPU.Build.0 = Release|Any CPU
	EndGlobalSection
	GlobalSection(SolutionProperties) = preSolution
		HideSolutionNode = FALSE
	EndGlobalSection
	GlobalSection(ExtensibilityGlobals) = postSolution
		SolutionGuid = {374B19F0-30C8-49DF-987D-3446CAF2B939}
	EndGlobalSection
EndGlobal
